
Microsoft Visual Studio Solution File, Format Version 12.00
# Visual Studio Version 16
VisualStudioVersion = 25.0.1700.0
MinimumVisualStudioVersion = 10.0.40219.1
Project("{FAE04EC0-301F-11D3-BF4B-00C04F79EFBC}") = "DynamicRouting", "DynamicRouting\DynamicRouting.csproj", "{15642253-C9D8-4BF4-8195-129ECF2E08B0}"
EndProject
Project("{FAE04EC0-301F-11D3-BF4B-00C04F79EFBC}") = "DynamicRouting.Tests", "DynamicRouting.Tests\DynamicRouting.Tests.csproj", "{6F2E0206-393A-46AB-911E-E97C52252E15}"
EndProject
Global
	GlobalSection(SolutionConfigurationPlatforms) = preSolution
		Debug|Any CPU = Debug|Any CPU
		Release|Any CPU = Release|Any CPU
	EndGlobalSection
	GlobalSection(ProjectConfigurationPlatforms) = postSolution
		{15642253-C9D8-4BF4-8195-129ECF2E08B0}.Debug|Any CPU.ActiveCfg = Debug|Any CPU
		{15642253-C9D8-4BF4-8195-129ECF2E08B0}.Debug|Any CPU.Build.0 = Debug|Any CPU
		{15642253-C9D8-4BF4-8195-129ECF2E08B0}.Release|Any CPU.ActiveCfg = Release|Any CPU
		{15642253-C9D8-4BF4-8195-129ECF2E08B0}.Release|Any CPU.Build.0 = Release|Any CPU
		{6F2E0206-393A-46AB-911E-E97C52252E15}.Debug|Any CPU.ActiveCfg = Debug|Any CPU
		{6F2E0206-393A-46AB-911E-E97C52252E15}.Debug|Any CPU.Build.0 = Debug|Any CPU
		{6F2E0206-393A-46AB-911E-E97C52252E15}.Release|Any CPU.ActiveCfg = Release|Any CPU
		{6F2E0206-393A-46AB-911E-E97C52252E15}.Release|Any CPU.Build.0 = Release|Any CPU
	EndGlobalSection
	GlobalSection(SolutionProperties) = preSolution
		HideSolutionNode = FALSE
	EndGlobalSection
	GlobalSection(ExtensibilityGlobals) = postSolution
		SolutionGuid = {B78A0024-97FF-439F-B6ED-345365BD2167}
	EndGlobalSection
EndGlobal
